{
  "name": "digital-empire",
  "lockfileVersion": 3,
  "requires": true,
  "packages": {
    "": {
      "dependencies": {
        "@different-ai/opencode-browser": "^2.0.0"
      }
    },
    "node_modules/@different-ai/opencode-browser": {
      "version": "2.1.0",
      "resolved": "https://registry.npmjs.org/@different-ai/opencode-browser/-/opencode-browser-2.1.0.tgz",
      "integrity": "sha512-WoTHTTYi2s8qpSNQ6rwa2C1a63poOXvadvF5ii7PriIEkP/HaKfD+w4ygl+J46pE/hagai1mUOejen1EfjL0+g==",
      "license": "MIT",
      "bin": {
        "opencode-browser": "bin/cli.js"
      },
      "peerDependencies": {
        "@opencode-ai/plugin": "*"
      }
    },
    "node_modules/@opencode-ai/plugin": {
      "version": "1.1.1",
      "resolved": "https://registry.npmjs.org/@opencode-ai/plugin/-/plugin-1.1.1.tgz",
      "integrity": "sha512-OZGvpDal8YsSo6dnatHfwviSToGZ6mJJyEKZGxUyWDuGCP7VhcoPkoM16ktl7TCVHkDK+TdwY9tKzkzFqQNc5w==",
      "license": "MIT",
      "peer": true,
      "dependencies": {
        "@opencode-ai/sdk": "1.1.1",
        "zod": "4.1.8"
      }
    },
    "node_modules/@opencode-ai/sdk": {
      "version": "1.1.1",
      "resolved": "https://registry.npmjs.org/@opencode-ai/sdk/-/sdk-1.1.1.tgz",
      "integrity": "sha512-PfXujMrHGeMnpS8Gd2BXSY+zZajlztcAvcokf06NtAhd0Mbo/hCLXgW0NBCQ+3FX3e/G2PNwz2DqMdtzyIZaCQ==",
      "license": "MIT"
    },
    "node_modules/zod": {
      "version": "4.1.8",
      "resolved": "https://registry.npmjs.org/zod/-/zod-4.1.8.tgz",
      "integrity": "sha512-5R1P+WwQqmmMIEACyzSvo4JXHY5WiAFHRMg+zBZKgKS+Q1viRa0C1hmUKtHltoIFKtIdki3pRxkmpP74jnNYHQ==",
      "license": "MIT",
      "funding": {
        "url": "https://github.com/sponsors/colinhacks"
      }
    }
  }
}
